
Microsoft Visual Studio Solution File, Format Version 12.00
# Visual Studio Version 17
VisualStudioVersion = 17.5.33516.290
MinimumVisualStudioVersion = 10.0.40219.1
Project("{9A19103F-16F7-4668-BE54-9A1E7A4F7556}") = "SappySharp", "SappySharp\SappySharp.csproj", "{AF6AFAD9-BCC9-473E-A769-035C1D312735}"
EndProject
Global
	GlobalSection(SolutionConfigurationPlatforms) = preSolution
		Debug|Any CPU = Debug|Any CPU
		Release|Any CPU = Release|Any CPU
	EndGlobalSection
	GlobalSection(ProjectConfigurationPlatforms) = postSolution
		{AF6AFAD9-BCC9-473E-A769-035C1D312735}.Debug|Any CPU.ActiveCfg = Debug|Any CPU
		{AF6AFAD9-BCC9-473E-A769-035C1D312735}.Debug|Any CPU.Build.0 = Debug|Any CPU
		{AF6AFAD9-BCC9-473E-A769-035C1D312735}.Release|Any CPU.ActiveCfg = Release|Any CPU
		{AF6AFAD9-BCC9-473E-A769-035C1D312735}.Release|Any CPU.Build.0 = Release|Any CPU
	EndGlobalSection
	GlobalSection(SolutionProperties) = preSolution
		HideSolutionNode = FALSE
	EndGlobalSection
	GlobalSection(ExtensibilityGlobals) = postSolution
		SolutionGuid = {32CF7D58-0ABC-486B-8D68-6460545D8920}
	EndGlobalSection
EndGlobal
